
Microsoft Visual Studio Solution File, Format Version 12.00
# Visual Studio 15
VisualStudioVersion = 15.0.26403.0
MinimumVisualStudioVersion = 10.0.40219.1
Project("{FAE04EC0-301F-11D3-BF4B-00C04F79EFBC}") = "EntityFramework.Web", "EntityFramework.Web\EntityFramework.Web.csproj", "{E9530E17-7004-4B12-A4E6-3F414490D38C}"
EndProject
Project("{00D1A9C2-B5F0-4AF3-8072-F6C62B433612}") = "EntityFramework.Database", "EntityFramework.Database\EntityFramework.Database.sqlproj", "{724F7243-7689-4767-9F9A-36350D050245}"
EndProject
Global
	GlobalSection(SolutionConfigurationPlatforms) = preSolution
		Debug|Any CPU = Debug|Any CPU
		Release|Any CPU = Release|Any CPU
	EndGlobalSection
	GlobalSection(ProjectConfigurationPlatforms) = postSolution
		{E9530E17-7004-4B12-A4E6-3F414490D38C}.Debug|Any CPU.ActiveCfg = Debug|Any CPU
		{E9530E17-7004-4B12-A4E6-3F414490D38C}.Debug|Any CPU.Build.0 = Debug|Any CPU
		{E9530E17-7004-4B12-A4E6-3F414490D38C}.Release|Any CPU.ActiveCfg = Release|Any CPU
		{E9530E17-7004-4B12-A4E6-3F414490D38C}.Release|Any CPU.Build.0 = Release|Any CPU
		{724F7243-7689-4767-9F9A-36350D050245}.Debug|Any CPU.ActiveCfg = Debug|Any CPU
		{724F7243-7689-4767-9F9A-36350D050245}.Debug|Any CPU.Build.0 = Debug|Any CPU
		{724F7243-7689-4767-9F9A-36350D050245}.Debug|Any CPU.Deploy.0 = Debug|Any CPU
		{724F7243-7689-4767-9F9A-36350D050245}.Release|Any CPU.ActiveCfg = Release|Any CPU
		{724F7243-7689-4767-9F9A-36350D050245}.Release|Any CPU.Build.0 = Release|Any CPU
		{724F7243-7689-4767-9F9A-36350D050245}.Release|Any CPU.Deploy.0 = Release|Any CPU
	EndGlobalSection
	GlobalSection(SolutionProperties) = preSolution
		HideSolutionNode = FALSE
	EndGlobalSection
EndGlobal
